
Microsoft Visual Studio Solution File, Format Version 12.00
# Visual Studio Version 16
VisualStudioVersion = 16.0.30611.23
MinimumVisualStudioVersion = 10.0.40219.1
Project("{FAE04EC0-301F-11D3-BF4B-00C04F79EFBC}") = "CalcMethod", "CalcMethod\CalcMethod.csproj", "{EE563424-7248-41CA-B3D5-F577767D4963}"
EndProject
Global
	GlobalSection(SolutionConfigurationPlatforms) = preSolution
		Debug|Any CPU = Debug|Any CPU
		Release|Any CPU = Release|Any CPU
	EndGlobalSection
	GlobalSection(ProjectConfigurationPlatforms) = postSolution
		{EE563424-7248-41CA-B3D5-F577767D4963}.Debug|Any CPU.ActiveCfg = Debug|Any CPU
		{EE563424-7248-41CA-B3D5-F577767D4963}.Debug|Any CPU.Build.0 = Debug|Any CPU
		{EE563424-7248-41CA-B3D5-F577767D4963}.Release|Any CPU.ActiveCfg = Release|Any CPU
		{EE563424-7248-41CA-B3D5-F577767D4963}.Release|Any CPU.Build.0 = Release|Any CPU
	EndGlobalSection
	GlobalSection(SolutionProperties) = preSolution
		HideSolutionNode = FALSE
	EndGlobalSection
	GlobalSection(ExtensibilityGlobals) = postSolution
		SolutionGuid = {580FFE5F-8079-42BA-9EF7-0693AB158E54}
	EndGlobalSection
EndGlobal
